// !$*UTF8*$!
{
	archiveVersion = 1;
	classes = {
	};
	objectVersion = 50;
	objects = {

/* Begin PBXBuildFile section */
		E773E39023C24E86002F9D73 /* Media.xcassets in Resources */ = {isa = PBXBuildFile; fileRef = E773E38F23C24E86002F9D73 /* Media.xcassets */; };
		E7ACEE2523BCF38D00ABB500 /* AppDelegate.swift in Sources */ = {isa = PBXBuildFile; fileRef = E7ACEE2423BCF38D00ABB500 /* AppDelegate.swift */; };
		E7ACEE2823BCF38D00ABB500 /* ErgoIOSLiteClient.xcdatamodeld in Sources */ = {isa = PBXBuildFile; fileRef = E7ACEE2623BCF38D00ABB500 /* ErgoIOSLiteClient.xcdatamodeld */; };
		E7ACEE2A23BCF38D00ABB500 /* SceneDelegate.swift in Sources */ = {isa = PBXBuildFile; fileRef = E7ACEE2923BCF38D00ABB500 /* SceneDelegate.swift */; };
		E7ACEE2C23BCF38D00ABB500 /* Payment_E.swift in Sources */ = {isa = PBXBuildFile; fileRef = E7ACEE2B23BCF38D00ABB500 /* Payment_E.swift */; };
		E7ACEE2E23BCF38D00ABB500 /* ContentView.swift in Sources */ = {isa = PBXBuildFile; fileRef = E7ACEE2D23BCF38D00ABB500 /* ContentView.swift */; };
		E7ACEE3323BCF39100ABB500 /* Preview Assets.xcassets in Resources */ = {isa = PBXBuildFile; fileRef = E7ACEE3223BCF39100ABB500 /* Preview Assets.xcassets */; };
		E7ACEE3623BCF39100ABB500 /* LaunchScreen.storyboard in Resources */ = {isa = PBXBuildFile; fileRef = E7ACEE3423BCF39100ABB500 /* LaunchScreen.storyboard */; };
		E7ACEE4023BCF3BF00ABB500 /* CloudKit.framework in Frameworks */ = {isa = PBXBuildFile; fileRef = E7ACEE3F23BCF3BF00ABB500 /* CloudKit.framework */; };
		E7ACEE4823BD1F8100ABB500 /* PaymentSend.swift in Sources */ = {isa = PBXBuildFile; fileRef = E7ACEE4723BD1F8100ABB500 /* PaymentSend.swift */; };
		E7ACEE4A23BD209500ABB500 /* HttpAuth.swift in Sources */ = {isa = PBXBuildFile; fileRef = E7ACEE4923BD209500ABB500 /* HttpAuth.swift */; };
		E7ACEE4D23BD20ED00ABB500 /* Digest32.swift in Sources */ = {isa = PBXBuildFile; fileRef = E7ACEE4C23BD20ED00ABB500 /* Digest32.swift */; };
		E7ACEE4F23BD211900ABB500 /* ErgoAddress.swift in Sources */ = {isa = PBXBuildFile; fileRef = E7ACEE4E23BD211900ABB500 /* ErgoAddress.swift */; };
		E7ACEE5123BD213300ABB500 /* Asset.swift in Sources */ = {isa = PBXBuildFile; fileRef = E7ACEE5023BD213300ABB500 /* Asset.swift */; };
		E7ACEE5323BD214D00ABB500 /* Registers.swift in Sources */ = {isa = PBXBuildFile; fileRef = E7ACEE5223BD214D00ABB500 /* Registers.swift */; };
		E7ACEE5523BD216700ABB500 /* BalanceSnapshot.swift in Sources */ = {isa = PBXBuildFile; fileRef = E7ACEE5423BD216700ABB500 /* BalanceSnapshot.swift */; };
		E7ACEE5723BD21AE00ABB500 /* PaymentRequest.swift in Sources */ = {isa = PBXBuildFile; fileRef = E7ACEE5623BD21AE00ABB500 /* PaymentRequest.swift */; };
		E7ACEE5923BD21C800ABB500 /* SValue.swift in Sources */ = {isa = PBXBuildFile; fileRef = E7ACEE5823BD21C800ABB500 /* SValue.swift */; };
		E7ACEE5B23BD21E000ABB500 /* ApiError.swift in Sources */ = {isa = PBXBuildFile; fileRef = E7ACEE5A23BD21E000ABB500 /* ApiError.swift */; };
		E7ACEE6023BD23E600ABB500 /* SecureStore.swift in Sources */ = {isa = PBXBuildFile; fileRef = E7ACEE5F23BD23E600ABB500 /* SecureStore.swift */; };
		E7ACEE6223BD242B00ABB500 /* SecureStoreQueryable.swift in Sources */ = {isa = PBXBuildFile; fileRef = E7ACEE6123BD242B00ABB500 /* SecureStoreQueryable.swift */; };
		E7ACEE6423BD244400ABB500 /* InternetProtocol.swift in Sources */ = {isa = PBXBuildFile; fileRef = E7ACEE6323BD244400ABB500 /* InternetProtocol.swift */; };
		E7ACEE6623BD246000ABB500 /* InternetAuthenticationType.swift in Sources */ = {isa = PBXBuildFile; fileRef = E7ACEE6523BD246000ABB500 /* InternetAuthenticationType.swift */; };
		E7ACEE6823BD247600ABB500 /* SecureStoreError.swift in Sources */ = {isa = PBXBuildFile; fileRef = E7ACEE6723BD247600ABB500 /* SecureStoreError.swift */; };
		E7ACEE6B23BD24D400ABB500 /* Utils.swift in Sources */ = {isa = PBXBuildFile; fileRef = E7ACEE6A23BD24D400ABB500 /* Utils.swift */; };
		E7ACEE6F23BD43A300ABB500 /* CarBode2.swift in Sources */ = {isa = PBXBuildFile; fileRef = E7ACEE6E23BD43A300ABB500 /* CarBode2.swift */; };
		E7ACEE7123BD63A100ABB500 /* Payments.swift in Sources */ = {isa = PBXBuildFile; fileRef = E7ACEE7023BD63A100ABB500 /* Payments.swift */; };
		E7ACEE7323BD655900ABB500 /* Account.swift in Sources */ = {isa = PBXBuildFile; fileRef = E7ACEE7223BD655900ABB500 /* Account.swift */; };
		E7ACEE7523BD851700ABB500 /* Transactions.swift in Sources */ = {isa = PBXBuildFile; fileRef = E7ACEE7423BD851600ABB500 /* Transactions.swift */; };
		E7ACEE7723BD865600ABB500 /* TransactionId.swift in Sources */ = {isa = PBXBuildFile; fileRef = E7ACEE7623BD865600ABB500 /* TransactionId.swift */; };
		E7ACEE7923BD867500ABB500 /* ErgoTransactionInput.swift in Sources */ = {isa = PBXBuildFile; fileRef = E7ACEE7823BD867500ABB500 /* ErgoTransactionInput.swift */; };
		E7ACEE7B23BD86AC00ABB500 /* ErgoTransactionDataInput.swift in Sources */ = {isa = PBXBuildFile; fileRef = E7ACEE7A23BD86AC00ABB500 /* ErgoTransactionDataInput.swift */; };
		E7ACEE7D23BD86E300ABB500 /* ErgoTransactionOutput.swift in Sources */ = {isa = PBXBuildFile; fileRef = E7ACEE7C23BD86E300ABB500 /* ErgoTransactionOutput.swift */; };
		E7ACEE7F23BD872300ABB500 /* TransactionBoxId.swift in Sources */ = {isa = PBXBuildFile; fileRef = E7ACEE7E23BD872300ABB500 /* TransactionBoxId.swift */; };
		E7ACEE8123BD874000ABB500 /* SpendingProof.swift in Sources */ = {isa = PBXBuildFile; fileRef = E7ACEE8023BD874000ABB500 /* SpendingProof.swift */; };
		E7ACEE8323BD876E00ABB500 /* ErgoTree.swift in Sources */ = {isa = PBXBuildFile; fileRef = E7ACEE8223BD876E00ABB500 /* ErgoTree.swift */; };
		E7ACEE8523BD879A00ABB500 /* SpendingProofBytes.swift in Sources */ = {isa = PBXBuildFile; fileRef = E7ACEE8423BD879A00ABB500 /* SpendingProofBytes.swift */; };
		E7ACEE8723BD89A900ABB500 /* TransactionDetails.swift in Sources */ = {isa = PBXBuildFile; fileRef = E7ACEE8623BD89A900ABB500 /* TransactionDetails.swift */; };
		E7ACEE8923BE7D1400ABB500 /* KeyboardResponder.swift in Sources */ = {isa = PBXBuildFile; fileRef = E7ACEE8823BE7D1400ABB500 /* KeyboardResponder.swift */; };
/* End PBXBuildFile section */

/* Begin PBXFileReference section */
		E773E38F23C24E86002F9D73 /* Media.xcassets */ = {isa = PBXFileReference; lastKnownFileType = folder.assetcatalog; path = Media.xcassets; sourceTree = "<group>"; };
		E7ACEE2123BCF38D00ABB500 /* ErgoIOSLiteClient.app */ = {isa = PBXFileReference; explicitFileType = wrapper.application; includeInIndex = 0; path = ErgoIOSLiteClient.app; sourceTree = BUILT_PRODUCTS_DIR; };
		E7ACEE2423BCF38D00ABB500 /* AppDelegate.swift */ = {isa = PBXFileReference; lastKnownFileType = sourcecode.swift; path = AppDelegate.swift; sourceTree = "<group>"; };
		E7ACEE2723BCF38D00ABB500 /* ErgoIOSLiteClient.xcdatamodel */ = {isa = PBXFileReference; lastKnownFileType = wrapper.xcdatamodel; path = ErgoIOSLiteClient.xcdatamodel; sourceTree = "<group>"; };
		E7ACEE2923BCF38D00ABB500 /* SceneDelegate.swift */ = {isa = PBXFileReference; lastKnownFileType = sourcecode.swift; path = SceneDelegate.swift; sourceTree = "<group>"; };
		E7ACEE2B23BCF38D00ABB500 /* Payment_E.swift */ = {isa = PBXFileReference; lastKnownFileType = sourcecode.swift; path = Payment_E.swift; sourceTree = "<group>"; };
		E7ACEE2D23BCF38D00ABB500 /* ContentView.swift */ = {isa = PBXFileReference; lastKnownFileType = sourcecode.swift; path = ContentView.swift; sourceTree = "<group>"; };
		E7ACEE3223BCF39100ABB500 /* Preview Assets.xcassets */ = {isa = PBXFileReference; lastKnownFileType = folder.assetcatalog; path = "Preview Assets.xcassets"; sourceTree = "<group>"; };
		E7ACEE3523BCF39100ABB500 /* Base */ = {isa = PBXFileReference; lastKnownFileType = file.storyboard; name = Base; path = Base.lproj/LaunchScreen.storyboard; sourceTree = "<group>"; };
		E7ACEE3723BCF39100ABB500 /* Info.plist */ = {isa = PBXFileReference; lastKnownFileType = text.plist.xml; path = Info.plist; sourceTree = "<group>"; };
		E7ACEE3D23BCF3B900ABB500 /* ErgoIOSLiteClient.entitlements */ = {isa = PBXFileReference; lastKnownFileType = text.plist.entitlements; path = ErgoIOSLiteClient.entitlements; sourceTree = "<group>"; };
		E7ACEE3F23BCF3BF00ABB500 /* CloudKit.framework */ = {isa = PBXFileReference; lastKnownFileType = wrapper.framework; name = CloudKit.framework; path = System/Library/Frameworks/CloudKit.framework; sourceTree = SDKROOT; };
		E7ACEE4723BD1F8100ABB500 /* PaymentSend.swift */ = {isa = PBXFileReference; lastKnownFileType = sourcecode.swift; path = PaymentSend.swift; sourceTree = "<group>"; };
		E7ACEE4923BD209500ABB500 /* HttpAuth.swift */ = {isa = PBXFileReference; lastKnownFileType = sourcecode.swift; path = HttpAuth.swift; sourceTree = "<group>"; };
		E7ACEE4C23BD20ED00ABB500 /* Digest32.swift */ = {isa = PBXFileReference; lastKnownFileType = sourcecode.swift; path = Digest32.swift; sourceTree = "<group>"; };
		E7ACEE4E23BD211900ABB500 /* ErgoAddress.swift */ = {isa = PBXFileReference; lastKnownFileType = sourcecode.swift; path = ErgoAddress.swift; sourceTree = "<group>"; };
		E7ACEE5023BD213300ABB500 /* Asset.swift */ = {isa = PBXFileReference; lastKnownFileType = sourcecode.swift; path = Asset.swift; sourceTree = "<group>"; };
		E7ACEE5223BD214D00ABB500 /* Registers.swift */ = {isa = PBXFileReference; lastKnownFileType = sourcecode.swift; path = Registers.swift; sourceTree = "<group>"; };
		E7ACEE5423BD216700ABB500 /* BalanceSnapshot.swift */ = {isa = PBXFileReference; lastKnownFileType = sourcecode.swift; path = BalanceSnapshot.swift; sourceTree = "<group>"; };
		E7ACEE5623BD21AE00ABB500 /* PaymentRequest.swift */ = {isa = PBXFileReference; lastKnownFileType = sourcecode.swift; path = PaymentRequest.swift; sourceTree = "<group>"; };
		E7ACEE5823BD21C800ABB500 /* SValue.swift */ = {isa = PBXFileReference; lastKnownFileType = sourcecode.swift; path = SValue.swift; sourceTree = "<group>"; };
		E7ACEE5A23BD21E000ABB500 /* ApiError.swift */ = {isa = PBXFileReference; lastKnownFileType = sourcecode.swift; path = ApiError.swift; sourceTree = "<group>"; };
		E7ACEE5F23BD23E600ABB500 /* SecureStore.swift */ = {isa = PBXFileReference; lastKnownFileType = sourcecode.swift; path = SecureStore.swift; sourceTree = "<group>"; };
		E7ACEE6123BD242B00ABB500 /* SecureStoreQueryable.swift */ = {isa = PBXFileReference; lastKnownFileType = sourcecode.swift; path = SecureStoreQueryable.swift; sourceTree = "<group>"; };
		E7ACEE6323BD244400ABB500 /* InternetProtocol.swift */ = {isa = PBXFileReference; lastKnownFileType = sourcecode.swift; path = InternetProtocol.swift; sourceTree = "<group>"; };
		E7ACEE6523BD246000ABB500 /* InternetAuthenticationType.swift */ = {isa = PBXFileReference; lastKnownFileType = sourcecode.swift; path = InternetAuthenticationType.swift; sourceTree = "<group>"; };
		E7ACEE6723BD247600ABB500 /* SecureStoreError.swift */ = {isa = PBXFileReference; lastKnownFileType = sourcecode.swift; path = SecureStoreError.swift; sourceTree = "<group>"; };
		E7ACEE6923BD249A00ABB500 /* SecureStore.h */ = {isa = PBXFileReference; lastKnownFileType = sourcecode.c.h; path = SecureStore.h; sourceTree = "<group>"; };
		E7ACEE6A23BD24D400ABB500 /* Utils.swift */ = {isa = PBXFileReference; lastKnownFileType = sourcecode.swift; path = Utils.swift; sourceTree = "<group>"; };
		E7ACEE6E23BD43A300ABB500 /* CarBode2.swift */ = {isa = PBXFileReference; lastKnownFileType = sourcecode.swift; path = CarBode2.swift; sourceTree = "<group>"; };
		E7ACEE7023BD63A100ABB500 /* Payments.swift */ = {isa = PBXFileReference; lastKnownFileType = sourcecode.swift; path = Payments.swift; sourceTree = "<group>"; };
		E7ACEE7223BD655900ABB500 /* Account.swift */ = {isa = PBXFileReference; lastKnownFileType = sourcecode.swift; path = Account.swift; sourceTree = "<group>"; };
		E7ACEE7423BD851600ABB500 /* Transactions.swift */ = {isa = PBXFileReference; lastKnownFileType = sourcecode.swift; path = Transactions.swift; sourceTree = "<group>"; };
		E7ACEE7623BD865600ABB500 /* TransactionId.swift */ = {isa = PBXFileReference; lastKnownFileType = sourcecode.swift; path = TransactionId.swift; sourceTree = "<group>"; };
		E7ACEE7823BD867500ABB500 /* ErgoTransactionInput.swift */ = {isa = PBXFileReference; lastKnownFileType = sourcecode.swift; path = ErgoTransactionInput.swift; sourceTree = "<group>"; };
		E7ACEE7A23BD86AC00ABB500 /* ErgoTransactionDataInput.swift */ = {isa = PBXFileReference; lastKnownFileType = sourcecode.swift; path = ErgoTransactionDataInput.swift; sourceTree = "<group>"; };
		E7ACEE7C23BD86E300ABB500 /* ErgoTransactionOutput.swift */ = {isa = PBXFileReference; lastKnownFileType = sourcecode.swift; path = ErgoTransactionOutput.swift; sourceTree = "<group>"; };
		E7ACEE7E23BD872300ABB500 /* TransactionBoxId.swift */ = {isa = PBXFileReference; lastKnownFileType = sourcecode.swift; path = TransactionBoxId.swift; sourceTree = "<group>"; };
		E7ACEE8023BD874000ABB500 /* SpendingProof.swift */ = {isa = PBXFileReference; lastKnownFileType = sourcecode.swift; path = SpendingProof.swift; sourceTree = "<group>"; };
		E7ACEE8223BD876E00ABB500 /* ErgoTree.swift */ = {isa = PBXFileReference; lastKnownFileType = sourcecode.swift; path = ErgoTree.swift; sourceTree = "<group>"; };
		E7ACEE8423BD879A00ABB500 /* SpendingProofBytes.swift */ = {isa = PBXFileReference; lastKnownFileType = sourcecode.swift; path = SpendingProofBytes.swift; sourceTree = "<group>"; };
		E7ACEE8623BD89A900ABB500 /* TransactionDetails.swift */ = {isa = PBXFileReference; lastKnownFileType = sourcecode.swift; path = TransactionDetails.swift; sourceTree = "<group>"; };
		E7ACEE8823BE7D1400ABB500 /* KeyboardResponder.swift */ = {isa = PBXFileReference; lastKnownFileType = sourcecode.swift; path = KeyboardResponder.swift; sourceTree = "<group>"; };
/* End PBXFileReference section */

/* Begin PBXFrameworksBuildPhase section */
		E7ACEE1E23BCF38D00ABB500 /* Frameworks */ = {
			isa = PBXFrameworksBuildPhase;
			buildActionMask = 2147483647;
			files = (
				E7ACEE4023BCF3BF00ABB500 /* CloudKit.framework in Frameworks */,
			);
			runOnlyForDeploymentPostprocessing = 0;
		};
/* End PBXFrameworksBuildPhase section */

/* Begin PBXGroup section */
		E7ACEE1823BCF38D00ABB500 = {
			isa = PBXGroup;
			children = (
				E7ACEE2323BCF38D00ABB500 /* ErgoIOSLiteClient */,
				E7ACEE2223BCF38D00ABB500 /* Products */,
				E7ACEE3E23BCF3BF00ABB500 /* Frameworks */,
			);
			sourceTree = "<group>";
		};
		E7ACEE2223BCF38D00ABB500 /* Products */ = {
			isa = PBXGroup;
			children = (
				E7ACEE2123BCF38D00ABB500 /* ErgoIOSLiteClient.app */,
			);
			name = Products;
			sourceTree = "<group>";
		};
		E7ACEE2323BCF38D00ABB500 /* ErgoIOSLiteClient */ = {
			isa = PBXGroup;
			children = (
				E7ACEE4B23BD20D700ABB500 /* Models */,
				E7ACEE3D23BCF3B900ABB500 /* ErgoIOSLiteClient.entitlements */,
				E773E38F23C24E86002F9D73 /* Media.xcassets */,
				E7ACEE2423BCF38D00ABB500 /* AppDelegate.swift */,
				E7ACEE2923BCF38D00ABB500 /* SceneDelegate.swift */,
				E7ACEE2B23BCF38D00ABB500 /* Payment_E.swift */,
				E7ACEE2D23BCF38D00ABB500 /* ContentView.swift */,
				E7ACEE3423BCF39100ABB500 /* LaunchScreen.storyboard */,
				E7ACEE3723BCF39100ABB500 /* Info.plist */,
				E7ACEE2623BCF38D00ABB500 /* ErgoIOSLiteClient.xcdatamodeld */,
				E7ACEE3123BCF39100ABB500 /* Preview Content */,
				E7ACEE4723BD1F8100ABB500 /* PaymentSend.swift */,
				E7ACEE4923BD209500ABB500 /* HttpAuth.swift */,
				E7ACEE5F23BD23E600ABB500 /* SecureStore.swift */,
				E7ACEE6123BD242B00ABB500 /* SecureStoreQueryable.swift */,
				E7ACEE6323BD244400ABB500 /* InternetProtocol.swift */,
				E7ACEE6523BD246000ABB500 /* InternetAuthenticationType.swift */,
				E7ACEE6723BD247600ABB500 /* SecureStoreError.swift */,
				E7ACEE6923BD249A00ABB500 /* SecureStore.h */,
				E7ACEE6A23BD24D400ABB500 /* Utils.swift */,
				E7ACEE6E23BD43A300ABB500 /* CarBode2.swift */,
				E7ACEE7023BD63A100ABB500 /* Payments.swift */,
				E7ACEE7223BD655900ABB500 /* Account.swift */,
				E7ACEE8623BD89A900ABB500 /* TransactionDetails.swift */,
				E7ACEE8823BE7D1400ABB500 /* KeyboardResponder.swift */,
			);
			path = ErgoIOSLiteClient;
			sourceTree = "<group>";
		};
		E7ACEE3123BCF39100ABB500 /* Preview Content */ = {
			isa = PBXGroup;
			children = (
				E7ACEE3223BCF39100ABB500 /* Preview Assets.xcassets */,
			);
			path = "Preview Content";
			sourceTree = "<group>";
		};
		E7ACEE3E23BCF3BF00ABB500 /* Frameworks */ = {
			isa = PBXGroup;
			children = (
				E7ACEE3F23BCF3BF00ABB500 /* CloudKit.framework */,
			);
			name = Frameworks;
			sourceTree = "<group>";
		};
		E7ACEE4B23BD20D700ABB500 /* Models */ = {
			isa = PBXGroup;
			children = (
				E7ACEE4C23BD20ED00ABB500 /* Digest32.swift */,
				E7ACEE4E23BD211900ABB500 /* ErgoAddress.swift */,
				E7ACEE5023BD213300ABB500 /* Asset.swift */,
				E7ACEE5223BD214D00ABB500 /* Registers.swift */,
				E7ACEE5423BD216700ABB500 /* BalanceSnapshot.swift */,
				E7ACEE5623BD21AE00ABB500 /* PaymentRequest.swift */,
				E7ACEE5823BD21C800ABB500 /* SValue.swift */,
				E7ACEE5A23BD21E000ABB500 /* ApiError.swift */,
				E7ACEE7423BD851600ABB500 /* Transactions.swift */,
				E7ACEE7623BD865600ABB500 /* TransactionId.swift */,
				E7ACEE7823BD867500ABB500 /* ErgoTransactionInput.swift */,
				E7ACEE7A23BD86AC00ABB500 /* ErgoTransactionDataInput.swift */,
				E7ACEE7C23BD86E300ABB500 /* ErgoTransactionOutput.swift */,
				E7ACEE7E23BD872300ABB500 /* TransactionBoxId.swift */,
				E7ACEE8023BD874000ABB500 /* SpendingProof.swift */,
				E7ACEE8223BD876E00ABB500 /* ErgoTree.swift */,
				E7ACEE8423BD879A00ABB500 /* SpendingProofBytes.swift */,
			);
			path = Models;
			sourceTree = "<group>";
		};
/* End PBXGroup section */

/* Begin PBXNativeTarget section */
		E7ACEE2023BCF38D00ABB500 /* ErgoIOSLiteClient */ = {
			isa = PBXNativeTarget;
			buildConfigurationList = E7ACEE3A23BCF39100ABB500 /* Build configuration list for PBXNativeTarget "ErgoIOSLiteClient" */;
			buildPhases = (
				E7ACEE1D23BCF38D00ABB500 /* Sources */,
				E7ACEE1E23BCF38D00ABB500 /* Frameworks */,
				E7ACEE1F23BCF38D00ABB500 /* Resources */,
			);
			buildRules = (
			);
			dependencies = (
			);
			name = ErgoIOSLiteClient;
			packageProductDependencies = (
			);
			productName = ErgoIOSLiteClient;
			productReference = E7ACEE2123BCF38D00ABB500 /* ErgoIOSLiteClient.app */;
			productType = "com.apple.product-type.application";
		};
/* End PBXNativeTarget section */

/* Begin PBXProject section */
		E7ACEE1923BCF38D00ABB500 /* Project object */ = {
			isa = PBXProject;
			attributes = {
				LastSwiftUpdateCheck = 1130;
				LastUpgradeCheck = 1130;
				ORGANIZATIONNAME = "Bart Jenkins";
				TargetAttributes = {
					E7ACEE2023BCF38D00ABB500 = {
						CreatedOnToolsVersion = 11.3;
					};
				};
			};
			buildConfigurationList = E7ACEE1C23BCF38D00ABB500 /* Build configuration list for PBXProject "ErgoIOSLiteClient" */;
			compatibilityVersion = "Xcode 9.3";
			developmentRegion = en;
			hasScannedForEncodings = 0;
			knownRegions = (
				en,
				Base,
			);
			mainGroup = E7ACEE1823BCF38D00ABB500;
			packageReferences = (
			);
			productRefGroup = E7ACEE2223BCF38D00ABB500 /* Products */;
			projectDirPath = "";
			projectRoot = "";
			targets = (
				E7ACEE2023BCF38D00ABB500 /* ErgoIOSLiteClient */,
			);
		};
/* End PBXProject section */

/* Begin PBXResourcesBuildPhase section */
		E7ACEE1F23BCF38D00ABB500 /* Resources */ = {
			isa = PBXResourcesBuildPhase;
			buildActionMask = 2147483647;
			files = (
				E7ACEE3623BCF39100ABB500 /* LaunchScreen.storyboard in Resources */,
				E773E39023C24E86002F9D73 /* Media.xcassets in Resources */,
				E7ACEE3323BCF39100ABB500 /* Preview Assets.xcassets in Resources */,
			);
			runOnlyForDeploymentPostprocessing = 0;
		};
/* End PBXResourcesBuildPhase section */

/* Begin PBXSourcesBuildPhase section */
		E7ACEE1D23BCF38D00ABB500 /* Sources */ = {
			isa = PBXSourcesBuildPhase;
			buildActionMask = 2147483647;
			files = (
				E7ACEE6023BD23E600ABB500 /* SecureStore.swift in Sources */,
				E7ACEE4823BD1F8100ABB500 /* PaymentSend.swift in Sources */,
				E7ACEE2C23BCF38D00ABB500 /* Payment_E.swift in Sources */,
				E7ACEE6623BD246000ABB500 /* InternetAuthenticationType.swift in Sources */,
				E7ACEE5523BD216700ABB500 /* BalanceSnapshot.swift in Sources */,
				E7ACEE7323BD655900ABB500 /* Account.swift in Sources */,
				E7ACEE8323BD876E00ABB500 /* ErgoTree.swift in Sources */,
				E7ACEE7B23BD86AC00ABB500 /* ErgoTransactionDataInput.swift in Sources */,
				E7ACEE7F23BD872300ABB500 /* TransactionBoxId.swift in Sources */,
				E7ACEE8123BD874000ABB500 /* SpendingProof.swift in Sources */,
				E7ACEE5923BD21C800ABB500 /* SValue.swift in Sources */,
				E7ACEE6F23BD43A300ABB500 /* CarBode2.swift in Sources */,
				E7ACEE7923BD867500ABB500 /* ErgoTransactionInput.swift in Sources */,
				E7ACEE5123BD213300ABB500 /* Asset.swift in Sources */,
				E7ACEE2E23BCF38D00ABB500 /* ContentView.swift in Sources */,
				E7ACEE7523BD851700ABB500 /* Transactions.swift in Sources */,
				E7ACEE2523BCF38D00ABB500 /* AppDelegate.swift in Sources */,
				E7ACEE2823BCF38D00ABB500 /* ErgoIOSLiteClient.xcdatamodeld in Sources */,
				E7ACEE5B23BD21E000ABB500 /* ApiError.swift in Sources */,
				E7ACEE6823BD247600ABB500 /* SecureStoreError.swift in Sources */,
				E7ACEE4F23BD211900ABB500 /* ErgoAddress.swift in Sources */,
				E7ACEE7D23BD86E300ABB500 /* ErgoTransactionOutput.swift in Sources */,
				E7ACEE5723BD21AE00ABB500 /* PaymentRequest.swift in Sources */,
				E7ACEE8923BE7D1400ABB500 /* KeyboardResponder.swift in Sources */,
				E7ACEE6423BD244400ABB500 /* InternetProtocol.swift in Sources */,
				E7ACEE2A23BCF38D00ABB500 /* SceneDelegate.swift in Sources */,
				E7ACEE7723BD865600ABB500 /* TransactionId.swift in Sources */,
				E7ACEE4D23BD20ED00ABB500 /* Digest32.swift in Sources */,
				E7ACEE6B23BD24D400ABB500 /* Utils.swift in Sources */,
				E7ACEE6223BD242B00ABB500 /* SecureStoreQueryable.swift in Sources */,
				E7ACEE5323BD214D00ABB500 /* Registers.swift in Sources */,
				E7ACEE4A23BD209500ABB500 /* HttpAuth.swift in Sources */,
				E7ACEE8723BD89A900ABB500 /* TransactionDetails.swift in Sources */,
				E7ACEE7123BD63A100ABB500 /* Payments.swift in Sources */,
				E7ACEE8523BD879A00ABB500 /* SpendingProofBytes.swift in Sources */,
			);
			runOnlyForDeploymentPostprocessing = 0;
		};
/* End PBXSourcesBuildPhase section */

/* Begin PBXVariantGroup section */
		E7ACEE3423BCF39100ABB500 /* LaunchScreen.storyboard */ = {
			isa = PBXVariantGroup;
			children = (
				E7ACEE3523BCF39100ABB500 /* Base */,
			);
			name = LaunchScreen.storyboard;
			sourceTree = "<group>";
		};
/* End PBXVariantGroup section */

/* Begin XCBuildConfiguration section */
		E7ACEE3823BCF39100ABB500 /* Debug */ = {
			isa = XCBuildConfiguration;
			buildSettings = {
				ALWAYS_SEARCH_USER_PATHS = NO;
				CLANG_ANALYZER_NONNULL = YES;
				CLANG_ANALYZER_NUMBER_OBJECT_CONVERSION = YES_AGGRESSIVE;
				CLANG_CXX_LANGUAGE_STANDARD = "gnu++14";
				CLANG_CXX_LIBRARY = "libc++";
				CLANG_ENABLE_MODULES = YES;
				CLANG_ENABLE_OBJC_ARC = YES;
				CLANG_ENABLE_OBJC_WEAK = YES;
				CLANG_WARN_BLOCK_CAPTURE_AUTORELEASING = YES;
				CLANG_WARN_BOOL_CONVERSION = YES;
				CLANG_WARN_COMMA = YES;
				CLANG_WARN_CONSTANT_CONVERSION = YES;
				CLANG_WARN_DEPRECATED_OBJC_IMPLEMENTATIONS = YES;
				CLANG_WARN_DIRECT_OBJC_ISA_USAGE = YES_ERROR;
				CLANG_WARN_DOCUMENTATION_COMMENTS = YES;
				CLANG_WARN_EMPTY_BODY = YES;
				CLANG_WARN_ENUM_CONVERSION = YES;
				CLANG_WARN_INFINITE_RECURSION = YES;
				CLANG_WARN_INT_CONVERSION = YES;
				CLANG_WARN_NON_LITERAL_NULL_CONVERSION = YES;
				CLANG_WARN_OBJC_IMPLICIT_RETAIN_SELF = YES;
				CLANG_WARN_OBJC_LITERAL_CONVERSION = YES;
				CLANG_WARN_OBJC_ROOT_CLASS = YES_ERROR;
				CLANG_WARN_RANGE_LOOP_ANALYSIS = YES;
				CLANG_WARN_STRICT_PROTOTYPES = YES;
				CLANG_WARN_SUSPICIOUS_MOVE = YES;
				CLANG_WARN_UNGUARDED_AVAILABILITY = YES_AGGRESSIVE;
				CLANG_WARN_UNREACHABLE_CODE = YES;
				CLANG_WARN__DUPLICATE_METHOD_MATCH = YES;
				COPY_PHASE_STRIP = NO;
				DEBUG_INFORMATION_FORMAT = dwarf;
				ENABLE_STRICT_OBJC_MSGSEND = YES;
				ENABLE_TESTABILITY = YES;
				GCC_C_LANGUAGE_STANDARD = gnu11;
				GCC_DYNAMIC_NO_PIC = NO;
				GCC_NO_COMMON_BLOCKS = YES;
				GCC_OPTIMIZATION_LEVEL = 0;
				GCC_PREPROCESSOR_DEFINITIONS = (
					"DEBUG=1",
					"$(inherited)",
				);
				GCC_WARN_64_TO_32_BIT_CONVERSION = YES;
				GCC_WARN_ABOUT_RETURN_TYPE = YES_ERROR;
				GCC_WARN_UNDECLARED_SELECTOR = YES;
				GCC_WARN_UNINITIALIZED_AUTOS = YES_AGGRESSIVE;
				GCC_WARN_UNUSED_FUNCTION = YES;
				GCC_WARN_UNUSED_VARIABLE = YES;
				IPHONEOS_DEPLOYMENT_TARGET = 13.2;
				MTL_ENABLE_DEBUG_INFO = INCLUDE_SOURCE;
				MTL_FAST_MATH = YES;
				ONLY_ACTIVE_ARCH = YES;
				SDKROOT = iphoneos;
				SWIFT_ACTIVE_COMPILATION_CONDITIONS = DEBUG;
				SWIFT_ENABLE_BATCH_MODE = NO;
				SWIFT_OPTIMIZATION_LEVEL = "-Onone";
			};
			name = Debug;
		};
		E7ACEE3923BCF39100ABB500 /* Release */ = {
			isa = XCBuildConfiguration;
			buildSettings = {
				ALWAYS_SEARCH_USER_PATHS = NO;
				CLANG_ANALYZER_NONNULL = YES;
				CLANG_ANALYZER_NUMBER_OBJECT_CONVERSION = YES_AGGRESSIVE;
				CLANG_CXX_LANGUAGE_STANDARD = "gnu++14";
				CLANG_CXX_LIBRARY = "libc++";
				CLANG_ENABLE_MODULES = YES;
				CLANG_ENABLE_OBJC_ARC = YES;
				CLANG_ENABLE_OBJC_WEAK = YES;
				CLANG_WARN_BLOCK_CAPTURE_AUTORELEASING = YES;
				CLANG_WARN_BOOL_CONVERSION = YES;
				CLANG_WARN_COMMA = YES;
				CLANG_WARN_CONSTANT_CONVERSION = YES;
				CLANG_WARN_DEPRECATED_OBJC_IMPLEMENTATIONS = YES;
				CLANG_WARN_DIRECT_OBJC_ISA_USAGE = YES_ERROR;
				CLANG_WARN_DOCUMENTATION_COMMENTS = YES;
				CLANG_WARN_EMPTY_BODY = YES;
				CLANG_WARN_ENUM_CONVERSION = YES;
				CLANG_WARN_INFINITE_RECURSION = YES;
				CLANG_WARN_INT_CONVERSION = YES;
				CLANG_WARN_NON_LITERAL_NULL_CONVERSION = YES;
				CLANG_WARN_OBJC_IMPLICIT_RETAIN_SELF = YES;
				CLANG_WARN_OBJC_LITERAL_CONVERSION = YES;
				CLANG_WARN_OBJC_ROOT_CLASS = YES_ERROR;
				CLANG_WARN_RANGE_LOOP_ANALYSIS = YES;
				CLANG_WARN_STRICT_PROTOTYPES = YES;
				CLANG_WARN_SUSPICIOUS_MOVE = YES;
				CLANG_WARN_UNGUARDED_AVAILABILITY = YES_AGGRESSIVE;
				CLANG_WARN_UNREACHABLE_CODE = YES;
				CLANG_WARN__DUPLICATE_METHOD_MATCH = YES;
				COPY_PHASE_STRIP = NO;
				DEBUG_INFORMATION_FORMAT = "dwarf-with-dsym";
				ENABLE_NS_ASSERTIONS = NO;
				ENABLE_STRICT_OBJC_MSGSEND = YES;
				GCC_C_LANGUAGE_STANDARD = gnu11;
				GCC_NO_COMMON_BLOCKS = YES;
				GCC_WARN_64_TO_32_BIT_CONVERSION = YES;
				GCC_WARN_ABOUT_RETURN_TYPE = YES_ERROR;
				GCC_WARN_UNDECLARED_SELECTOR = YES;
				GCC_WARN_UNINITIALIZED_AUTOS = YES_AGGRESSIVE;
				GCC_WARN_UNUSED_FUNCTION = YES;
				GCC_WARN_UNUSED_VARIABLE = YES;
				IPHONEOS_DEPLOYMENT_TARGET = 13.2;
				MTL_ENABLE_DEBUG_INFO = NO;
				MTL_FAST_MATH = YES;
				SDKROOT = iphoneos;
				SWIFT_COMPILATION_MODE = wholemodule;
				SWIFT_ENABLE_BATCH_MODE = NO;
				SWIFT_OPTIMIZATION_LEVEL = "-O";
				VALIDATE_PRODUCT = YES;
			};
			name = Release;
		};
		E7ACEE3B23BCF39100ABB500 /* Debug */ = {
			isa = XCBuildConfiguration;
			buildSettings = {
				ASSETCATALOG_COMPILER_APPICON_NAME = AppIcon;
				CODE_SIGN_ENTITLEMENTS = ErgoIOSLiteClient/ErgoIOSLiteClient.entitlements;
				CODE_SIGN_STYLE = Automatic;
				DEVELOPMENT_ASSET_PATHS = "\"ErgoIOSLiteClient/Preview Content\"";
				DEVELOPMENT_TEAM = RKMCP6WLZG;
				ENABLE_PREVIEWS = YES;
				INFOPLIST_FILE = ErgoIOSLiteClient/Info.plist;
				LD_RUNPATH_SEARCH_PATHS = (
					"$(inherited)",
					"@executable_path/Frameworks",
				);
				PRODUCT_BUNDLE_IDENTIFIER = com.amc.ErgoIOSLiteClient;
				PRODUCT_NAME = "$(TARGET_NAME)";
				SWIFT_VERSION = 5.0;
				TARGETED_DEVICE_FAMILY = "1,2";
			};
			name = Debug;
		};
		E7ACEE3C23BCF39100ABB500 /* Release */ = {
			isa = XCBuildConfiguration;
			buildSettings = {
				ASSETCATALOG_COMPILER_APPICON_NAME = AppIcon;
				CODE_SIGN_ENTITLEMENTS = ErgoIOSLiteClient/ErgoIOSLiteClient.entitlements;
				CODE_SIGN_STYLE = Automatic;
				DEVELOPMENT_ASSET_PATHS = "\"ErgoIOSLiteClient/Preview Content\"";
				DEVELOPMENT_TEAM = RKMCP6WLZG;
				ENABLE_PREVIEWS = YES;
				INFOPLIST_FILE = ErgoIOSLiteClient/Info.plist;
				LD_RUNPATH_SEARCH_PATHS = (
					"$(inherited)",
					"@executable_path/Frameworks",
				);
				PRODUCT_BUNDLE_IDENTIFIER = com.amc.ErgoIOSLiteClient;
				PRODUCT_NAME = "$(TARGET_NAME)";
				SWIFT_VERSION = 5.0;
				TARGETED_DEVICE_FAMILY = "1,2";
			};
			name = Release;
		};
/* End XCBuildConfiguration section */

/* Begin XCConfigurationList section */
		E7ACEE1C23BCF38D00ABB500 /* Build configuration list for PBXProject "ErgoIOSLiteClient" */ = {
			isa = XCConfigurationList;
			buildConfigurations = (
				E7ACEE3823BCF39100ABB500 /* Debug */,
				E7ACEE3923BCF39100ABB500 /* Release */,
			);
			defaultConfigurationIsVisible = 0;
			defaultConfigurationName = Release;
		};
		E7ACEE3A23BCF39100ABB500 /* Build configuration list for PBXNativeTarget "ErgoIOSLiteClient" */ = {
			isa = XCConfigurationList;
			buildConfigurations = (
				E7ACEE3B23BCF39100ABB500 /* Debug */,
				E7ACEE3C23BCF39100ABB500 /* Release */,
			);
			defaultConfigurationIsVisible = 0;
			defaultConfigurationName = Release;
		};
/* End XCConfigurationList section */

/* Begin XCVersionGroup section */
		E7ACEE2623BCF38D00ABB500 /* ErgoIOSLiteClient.xcdatamodeld */ = {
			isa = XCVersionGroup;
			children = (
				E7ACEE2723BCF38D00ABB500 /* ErgoIOSLiteClient.xcdatamodel */,
			);
			currentVersion = E7ACEE2723BCF38D00ABB500 /* ErgoIOSLiteClient.xcdatamodel */;
			path = ErgoIOSLiteClient.xcdatamodeld;
			sourceTree = "<group>";
			versionGroupType = wrapper.xcdatamodel;
		};
/* End XCVersionGroup section */
	};
	rootObject = E7ACEE1923BCF38D00ABB500 /* Project object */;
}
